// !$*UTF8*$!
{
	archiveVersion = 1;
	classes = {
	};
	objectVersion = 52;
	objects = {

/* Begin PBXBuildFile section */
		393C236826DDA494004755BF /* Dictionary+Extension.swift in Sources */ = {isa = PBXBuildFile; fileRef = 393C236726DDA494004755BF /* Dictionary+Extension.swift */; };
		393C236F26DF68BF004755BF /* OutputType.swift in Sources */ = {isa = PBXBuildFile; fileRef = 393C236E26DF68BF004755BF /* OutputType.swift */; };
		393C237126DF84E0004755BF /* Sequence+Extension.swift in Sources */ = {isa = PBXBuildFile; fileRef = 393C237026DF84E0004755BF /* Sequence+Extension.swift */; };
		3967935326D726CE00DC2D2D /* ListOptions.swift in Sources */ = {isa = PBXBuildFile; fileRef = 3967935226D726CE00DC2D2D /* ListOptions.swift */; };
		3967935526D7272100DC2D2D /* ListCommand.swift in Sources */ = {isa = PBXBuildFile; fileRef = 3967935426D7272100DC2D2D /* ListCommand.swift */; };
		3967935826D7281400DC2D2D /* VersionCommand.swift in Sources */ = {isa = PBXBuildFile; fileRef = 3967935726D7281400DC2D2D /* VersionCommand.swift */; };
		3967935A26D7293C00DC2D2D /* PlatformType.swift in Sources */ = {isa = PBXBuildFile; fileRef = 3967935926D7293C00DC2D2D /* PlatformType.swift */; };
		3967935C26D7304500DC2D2D /* Firmware.swift in Sources */ = {isa = PBXBuildFile; fileRef = 3967935B26D7304500DC2D2D /* Firmware.swift */; };
		3967935F26D74BAC00DC2D2D /* DownloadCommand.swift in Sources */ = {isa = PBXBuildFile; fileRef = 3967935E26D74BAC00DC2D2D /* DownloadCommand.swift */; };
		3967936126D74C2400DC2D2D /* DownloadOptions.swift in Sources */ = {isa = PBXBuildFile; fileRef = 3967936026D74C2400DC2D2D /* DownloadOptions.swift */; };
		3967936426D7757800DC2D2D /* Version.swift in Sources */ = {isa = PBXBuildFile; fileRef = 3967936326D7757800DC2D2D /* Version.swift */; };
		39B0955926E84D8100E68472 /* MistApp.swift in Sources */ = {isa = PBXBuildFile; fileRef = 39B0955826E84D8100E68472 /* MistApp.swift */; };
		39B0955B26E84D8100E68472 /* ContentView.swift in Sources */ = {isa = PBXBuildFile; fileRef = 39B0955A26E84D8100E68472 /* ContentView.swift */; };
		39B0955D26E84D8300E68472 /* Assets.xcassets in Resources */ = {isa = PBXBuildFile; fileRef = 39B0955C26E84D8300E68472 /* Assets.xcassets */; };
		39B0956626E84FDC00E68472 /* OutputType.swift in Sources */ = {isa = PBXBuildFile; fileRef = 393C236E26DF68BF004755BF /* OutputType.swift */; };
		39B0956726E84FDC00E68472 /* Package.swift in Sources */ = {isa = PBXBuildFile; fileRef = 57D1358125F9F8E5003467B2 /* Package.swift */; };
		39B0956826E84FDC00E68472 /* PlatformType.swift in Sources */ = {isa = PBXBuildFile; fileRef = 3967935926D7293C00DC2D2D /* PlatformType.swift */; };
		39B0956926E84FDC00E68472 /* MistError.swift in Sources */ = {isa = PBXBuildFile; fileRef = 57D135AA25FED139003467B2 /* MistError.swift */; };
		39B0956A26E84FDC00E68472 /* Firmware.swift in Sources */ = {isa = PBXBuildFile; fileRef = 3967935B26D7304500DC2D2D /* Firmware.swift */; };
		39B0956B26E84FDC00E68472 /* Product.swift in Sources */ = {isa = PBXBuildFile; fileRef = 5744141E25F8675000DE5540 /* Product.swift */; };
		39B0956C26E84FDC00E68472 /* Catalog.swift in Sources */ = {isa = PBXBuildFile; fileRef = 570D5090260034E10066E4C9 /* Catalog.swift */; };
		39B0956D26E8564B00E68472 /* Dictionary+Extension.swift in Sources */ = {isa = PBXBuildFile; fileRef = 393C236726DDA494004755BF /* Dictionary+Extension.swift */; };
		39B0956E26E8564B00E68472 /* String+Extension.swift in Sources */ = {isa = PBXBuildFile; fileRef = 5744141125F8607800DE5540 /* String+Extension.swift */; };
		39B0956F26E8564B00E68472 /* Sequence+Extension.swift in Sources */ = {isa = PBXBuildFile; fileRef = 393C237026DF84E0004755BF /* Sequence+Extension.swift */; };
		39B0957026E8564B00E68472 /* Int64+Extension.swift in Sources */ = {isa = PBXBuildFile; fileRef = 57F0F3CD2600907D00480DEE /* Int64+Extension.swift */; };
		39B0957326E8565E00E68472 /* Yams in Frameworks */ = {isa = PBXBuildFile; productRef = 39B0957226E8565E00E68472 /* Yams */; };
		39B0957526E8569500E68472 /* ArgumentParser in Frameworks */ = {isa = PBXBuildFile; productRef = 39B0957426E8569500E68472 /* ArgumentParser */; };
		570D5091260034E10066E4C9 /* Catalog.swift in Sources */ = {isa = PBXBuildFile; fileRef = 570D5090260034E10066E4C9 /* Catalog.swift */; };
		5744140025F85EF300DE5540 /* main.swift in Sources */ = {isa = PBXBuildFile; fileRef = 574413FF25F85EF300DE5540 /* main.swift */; };
		5744140925F8603300DE5540 /* Mist.swift in Sources */ = {isa = PBXBuildFile; fileRef = 5744140825F8603300DE5540 /* Mist.swift */; };
		5744140F25F8606500DE5540 /* ArgumentParser in Frameworks */ = {isa = PBXBuildFile; productRef = 5744140E25F8606500DE5540 /* ArgumentParser */; };
		5744141225F8607800DE5540 /* String+Extension.swift in Sources */ = {isa = PBXBuildFile; fileRef = 5744141125F8607800DE5540 /* String+Extension.swift */; };
		5744141725F8659D00DE5540 /* List.swift in Sources */ = {isa = PBXBuildFile; fileRef = 5744141625F8659D00DE5540 /* List.swift */; };
		5744141F25F8675000DE5540 /* Product.swift in Sources */ = {isa = PBXBuildFile; fileRef = 5744141E25F8675000DE5540 /* Product.swift */; };
		57550FE625FF3D49006C29EE /* Download.swift in Sources */ = {isa = PBXBuildFile; fileRef = 57550FE525FF3D49006C29EE /* Download.swift */; };
		57D1357825F9F308003467B2 /* Downloader.swift in Sources */ = {isa = PBXBuildFile; fileRef = 57D1357725F9F308003467B2 /* Downloader.swift */; };
		57D1357B25F9F716003467B2 /* HTTP.swift in Sources */ = {isa = PBXBuildFile; fileRef = 57D1357A25F9F716003467B2 /* HTTP.swift */; };
		57D1358225F9F8E5003467B2 /* Package.swift in Sources */ = {isa = PBXBuildFile; fileRef = 57D1358125F9F8E5003467B2 /* Package.swift */; };
		57D1358C25FA3CE5003467B2 /* Installer.swift in Sources */ = {isa = PBXBuildFile; fileRef = 57D1358B25FA3CE5003467B2 /* Installer.swift */; };
		57D1358F25FA4027003467B2 /* Generator.swift in Sources */ = {isa = PBXBuildFile; fileRef = 57D1358E25FA4027003467B2 /* Generator.swift */; };
		57D1359725FB1B97003467B2 /* PrettyPrint.swift in Sources */ = {isa = PBXBuildFile; fileRef = 57D1359625FB1B97003467B2 /* PrettyPrint.swift */; };
		57D1359A25FE1364003467B2 /* Shell.swift in Sources */ = {isa = PBXBuildFile; fileRef = 57D1359925FE1364003467B2 /* Shell.swift */; };
		57D135AB25FED139003467B2 /* MistError.swift in Sources */ = {isa = PBXBuildFile; fileRef = 57D135AA25FED139003467B2 /* MistError.swift */; };
		57D135B825FEEE48003467B2 /* Yams in Frameworks */ = {isa = PBXBuildFile; productRef = 57D135B725FEEE48003467B2 /* Yams */; };
		57F0F3CE2600907D00480DEE /* Int64+Extension.swift in Sources */ = {isa = PBXBuildFile; fileRef = 57F0F3CD2600907D00480DEE /* Int64+Extension.swift */; };
/* End PBXBuildFile section */

/* Begin PBXCopyFilesBuildPhase section */
		574413FA25F85EF300DE5540 /* CopyFiles */ = {
			isa = PBXCopyFilesBuildPhase;
			buildActionMask = 2147483647;
			dstPath = /usr/share/man/man1/;
			dstSubfolderSpec = 0;
			files = (
			);
			runOnlyForDeploymentPostprocessing = 1;
		};
/* End PBXCopyFilesBuildPhase section */

/* Begin PBXFileReference section */
		393C236726DDA494004755BF /* Dictionary+Extension.swift */ = {isa = PBXFileReference; lastKnownFileType = sourcecode.swift; path = "Dictionary+Extension.swift"; sourceTree = "<group>"; };
		393C236E26DF68BF004755BF /* OutputType.swift */ = {isa = PBXFileReference; lastKnownFileType = sourcecode.swift; path = OutputType.swift; sourceTree = "<group>"; };
		393C237026DF84E0004755BF /* Sequence+Extension.swift */ = {isa = PBXFileReference; lastKnownFileType = sourcecode.swift; path = "Sequence+Extension.swift"; sourceTree = "<group>"; };
		3967935226D726CE00DC2D2D /* ListOptions.swift */ = {isa = PBXFileReference; lastKnownFileType = sourcecode.swift; path = ListOptions.swift; sourceTree = "<group>"; };
		3967935426D7272100DC2D2D /* ListCommand.swift */ = {isa = PBXFileReference; lastKnownFileType = sourcecode.swift; path = ListCommand.swift; sourceTree = "<group>"; };
		3967935726D7281400DC2D2D /* VersionCommand.swift */ = {isa = PBXFileReference; lastKnownFileType = sourcecode.swift; path = VersionCommand.swift; sourceTree = "<group>"; };
		3967935926D7293C00DC2D2D /* PlatformType.swift */ = {isa = PBXFileReference; lastKnownFileType = sourcecode.swift; path = PlatformType.swift; sourceTree = "<group>"; };
		3967935B26D7304500DC2D2D /* Firmware.swift */ = {isa = PBXFileReference; lastKnownFileType = sourcecode.swift; path = Firmware.swift; sourceTree = "<group>"; };
		3967935E26D74BAC00DC2D2D /* DownloadCommand.swift */ = {isa = PBXFileReference; lastKnownFileType = sourcecode.swift; path = DownloadCommand.swift; sourceTree = "<group>"; };
		3967936026D74C2400DC2D2D /* DownloadOptions.swift */ = {isa = PBXFileReference; lastKnownFileType = sourcecode.swift; path = DownloadOptions.swift; sourceTree = "<group>"; };
		3967936326D7757800DC2D2D /* Version.swift */ = {isa = PBXFileReference; fileEncoding = 4; lastKnownFileType = sourcecode.swift; path = Version.swift; sourceTree = "<group>"; };
		39B0955626E84D8100E68472 /* Mist.app */ = {isa = PBXFileReference; explicitFileType = wrapper.application; includeInIndex = 0; path = Mist.app; sourceTree = BUILT_PRODUCTS_DIR; };
		39B0955826E84D8100E68472 /* MistApp.swift */ = {isa = PBXFileReference; lastKnownFileType = sourcecode.swift; path = MistApp.swift; sourceTree = "<group>"; };
		39B0955A26E84D8100E68472 /* ContentView.swift */ = {isa = PBXFileReference; lastKnownFileType = sourcecode.swift; path = ContentView.swift; sourceTree = "<group>"; };
		39B0955C26E84D8300E68472 /* Assets.xcassets */ = {isa = PBXFileReference; lastKnownFileType = folder.assetcatalog; path = Assets.xcassets; sourceTree = "<group>"; };
		39B0956126E84D8300E68472 /* Info.plist */ = {isa = PBXFileReference; lastKnownFileType = text.plist.xml; path = Info.plist; sourceTree = "<group>"; };
		39B0956226E84D8300E68472 /* Mist.entitlements */ = {isa = PBXFileReference; lastKnownFileType = text.plist.entitlements; path = Mist.entitlements; sourceTree = "<group>"; };
		570D5090260034E10066E4C9 /* Catalog.swift */ = {isa = PBXFileReference; lastKnownFileType = sourcecode.swift; path = Catalog.swift; sourceTree = "<group>"; };
		574413FC25F85EF300DE5540 /* mistcli */ = {isa = PBXFileReference; explicitFileType = "compiled.mach-o.executable"; includeInIndex = 0; path = mistcli; sourceTree = BUILT_PRODUCTS_DIR; };
		574413FF25F85EF300DE5540 /* main.swift */ = {isa = PBXFileReference; lastKnownFileType = sourcecode.swift; path = main.swift; sourceTree = "<group>"; };
		5744140825F8603300DE5540 /* Mist.swift */ = {isa = PBXFileReference; lastKnownFileType = sourcecode.swift; path = Mist.swift; sourceTree = "<group>"; };
		5744141125F8607800DE5540 /* String+Extension.swift */ = {isa = PBXFileReference; lastKnownFileType = sourcecode.swift; path = "String+Extension.swift"; sourceTree = "<group>"; };
		5744141625F8659D00DE5540 /* List.swift */ = {isa = PBXFileReference; lastKnownFileType = sourcecode.swift; path = List.swift; sourceTree = "<group>"; };
		5744141E25F8675000DE5540 /* Product.swift */ = {isa = PBXFileReference; lastKnownFileType = sourcecode.swift; path = Product.swift; sourceTree = "<group>"; };
		57550FE525FF3D49006C29EE /* Download.swift */ = {isa = PBXFileReference; lastKnownFileType = sourcecode.swift; path = Download.swift; sourceTree = "<group>"; };
		57D1357725F9F308003467B2 /* Downloader.swift */ = {isa = PBXFileReference; lastKnownFileType = sourcecode.swift; path = Downloader.swift; sourceTree = "<group>"; };
		57D1357A25F9F716003467B2 /* HTTP.swift */ = {isa = PBXFileReference; lastKnownFileType = sourcecode.swift; path = HTTP.swift; sourceTree = "<group>"; };
		57D1358125F9F8E5003467B2 /* Package.swift */ = {isa = PBXFileReference; lastKnownFileType = sourcecode.swift; path = Package.swift; sourceTree = "<group>"; };
		57D1358B25FA3CE5003467B2 /* Installer.swift */ = {isa = PBXFileReference; lastKnownFileType = sourcecode.swift; path = Installer.swift; sourceTree = "<group>"; };
		57D1358E25FA4027003467B2 /* Generator.swift */ = {isa = PBXFileReference; lastKnownFileType = sourcecode.swift; path = Generator.swift; sourceTree = "<group>"; };
		57D1359625FB1B97003467B2 /* PrettyPrint.swift */ = {isa = PBXFileReference; lastKnownFileType = sourcecode.swift; path = PrettyPrint.swift; sourceTree = "<group>"; };
		57D1359925FE1364003467B2 /* Shell.swift */ = {isa = PBXFileReference; lastKnownFileType = sourcecode.swift; path = Shell.swift; sourceTree = "<group>"; };
		57D135AA25FED139003467B2 /* MistError.swift */ = {isa = PBXFileReference; lastKnownFileType = sourcecode.swift; path = MistError.swift; sourceTree = "<group>"; };
		57F0F3CD2600907D00480DEE /* Int64+Extension.swift */ = {isa = PBXFileReference; lastKnownFileType = sourcecode.swift; path = "Int64+Extension.swift"; sourceTree = "<group>"; };
/* End PBXFileReference section */

/* Begin PBXFrameworksBuildPhase section */
		39B0955326E84D8100E68472 /* Frameworks */ = {
			isa = PBXFrameworksBuildPhase;
			buildActionMask = 2147483647;
			files = (
				39B0957526E8569500E68472 /* ArgumentParser in Frameworks */,
				39B0957326E8565E00E68472 /* Yams in Frameworks */,
			);
			runOnlyForDeploymentPostprocessing = 0;
		};
		574413F925F85EF300DE5540 /* Frameworks */ = {
			isa = PBXFrameworksBuildPhase;
			buildActionMask = 2147483647;
			files = (
				57D135B825FEEE48003467B2 /* Yams in Frameworks */,
				5744140F25F8606500DE5540 /* ArgumentParser in Frameworks */,
			);
			runOnlyForDeploymentPostprocessing = 0;
		};
/* End PBXFrameworksBuildPhase section */

/* Begin PBXGroup section */
		3967935026D7232D00DC2D2D /* Commands */ = {
			isa = PBXGroup;
			children = (
				5744140825F8603300DE5540 /* Mist.swift */,
				3967935126D726C400DC2D2D /* List */,
				3967935D26D74B9C00DC2D2D /* Download */,
				3967935626D7280200DC2D2D /* Version */,
			);
			path = Commands;
			sourceTree = "<group>";
		};
		3967935126D726C400DC2D2D /* List */ = {
			isa = PBXGroup;
			children = (
				3967935426D7272100DC2D2D /* ListCommand.swift */,
				3967935226D726CE00DC2D2D /* ListOptions.swift */,
				5744141625F8659D00DE5540 /* List.swift */,
			);
			path = List;
			sourceTree = "<group>";
		};
		3967935626D7280200DC2D2D /* Version */ = {
			isa = PBXGroup;
			children = (
				3967935726D7281400DC2D2D /* VersionCommand.swift */,
				3967936326D7757800DC2D2D /* Version.swift */,
			);
			path = Version;
			sourceTree = "<group>";
		};
		3967935D26D74B9C00DC2D2D /* Download */ = {
			isa = PBXGroup;
			children = (
				3967935E26D74BAC00DC2D2D /* DownloadCommand.swift */,
				3967936026D74C2400DC2D2D /* DownloadOptions.swift */,
				57550FE525FF3D49006C29EE /* Download.swift */,
			);
			path = Download;
			sourceTree = "<group>";
		};
		39B0955726E84D8100E68472 /* Mist */ = {
			isa = PBXGroup;
			children = (
				39B0955826E84D8100E68472 /* MistApp.swift */,
				39B0955A26E84D8100E68472 /* ContentView.swift */,
				39B0955C26E84D8300E68472 /* Assets.xcassets */,
				39B0956126E84D8300E68472 /* Info.plist */,
				39B0956226E84D8300E68472 /* Mist.entitlements */,
			);
			path = Mist;
			sourceTree = "<group>";
		};
		39B0957126E8565E00E68472 /* Frameworks */ = {
			isa = PBXGroup;
			children = (
			);
			name = Frameworks;
			sourceTree = "<group>";
		};
		574413F325F85EF300DE5540 = {
			isa = PBXGroup;
			children = (
				574413FE25F85EF300DE5540 /* Mist */,
				39B0955726E84D8100E68472 /* Mist */,
				574413FD25F85EF300DE5540 /* Products */,
				39B0957126E8565E00E68472 /* Frameworks */,
			);
			sourceTree = "<group>";
		};
		574413FD25F85EF300DE5540 /* Products */ = {
			isa = PBXGroup;
			children = (
				574413FC25F85EF300DE5540 /* mistcli */,
				39B0955626E84D8100E68472 /* Mist.app */,
			);
			name = Products;
			sourceTree = "<group>";
		};
		574413FE25F85EF300DE5540 /* Mist */ = {
			isa = PBXGroup;
			children = (
				574413FF25F85EF300DE5540 /* main.swift */,
				3967935026D7232D00DC2D2D /* Commands */,
				5744141425F8607B00DE5540 /* Extensions */,
				57D1357D25F9F71A003467B2 /* Helpers */,
				5744142125F8675400DE5540 /* Model */,
			);
			path = Mist;
			sourceTree = "<group>";
		};
		5744141425F8607B00DE5540 /* Extensions */ = {
			isa = PBXGroup;
			children = (
				393C236726DDA494004755BF /* Dictionary+Extension.swift */,
				57F0F3CD2600907D00480DEE /* Int64+Extension.swift */,
				393C237026DF84E0004755BF /* Sequence+Extension.swift */,
				5744141125F8607800DE5540 /* String+Extension.swift */,
			);
			path = Extensions;
			sourceTree = "<group>";
		};
		5744142125F8675400DE5540 /* Model */ = {
			isa = PBXGroup;
			children = (
				570D5090260034E10066E4C9 /* Catalog.swift */,
				3967935B26D7304500DC2D2D /* Firmware.swift */,
				57D135AA25FED139003467B2 /* MistError.swift */,
				393C236E26DF68BF004755BF /* OutputType.swift */,
				57D1358125F9F8E5003467B2 /* Package.swift */,
				3967935926D7293C00DC2D2D /* PlatformType.swift */,
				5744141E25F8675000DE5540 /* Product.swift */,
			);
			path = Model;
			sourceTree = "<group>";
		};
		57D1357D25F9F71A003467B2 /* Helpers */ = {
			isa = PBXGroup;
			children = (
				57D1357725F9F308003467B2 /* Downloader.swift */,
				57D1358E25FA4027003467B2 /* Generator.swift */,
				57D1357A25F9F716003467B2 /* HTTP.swift */,
				57D1358B25FA3CE5003467B2 /* Installer.swift */,
				57D1359625FB1B97003467B2 /* PrettyPrint.swift */,
				57D1359925FE1364003467B2 /* Shell.swift */,
			);
			path = Helpers;
			sourceTree = "<group>";
		};
/* End PBXGroup section */

/* Begin PBXNativeTarget section */
		39B0955526E84D8100E68472 /* Mist */ = {
			isa = PBXNativeTarget;
			buildConfigurationList = 39B0956526E84D8300E68472 /* Build configuration list for PBXNativeTarget "Mist" */;
			buildPhases = (
				39B0955226E84D8100E68472 /* Sources */,
				39B0955326E84D8100E68472 /* Frameworks */,
				39B0955426E84D8100E68472 /* Resources */,
			);
			buildRules = (
			);
			dependencies = (
			);
			name = Mist;
			packageProductDependencies = (
				39B0957226E8565E00E68472 /* Yams */,
				39B0957426E8569500E68472 /* ArgumentParser */,
			);
			productName = Mist;
			productReference = 39B0955626E84D8100E68472 /* Mist.app */;
			productType = "com.apple.product-type.application";
		};
		574413FB25F85EF300DE5540 /* mistcli */ = {
			isa = PBXNativeTarget;
			buildConfigurationList = 5744140325F85EF300DE5540 /* Build configuration list for PBXNativeTarget "mistcli" */;
			buildPhases = (
				574413F825F85EF300DE5540 /* Sources */,
				574413F925F85EF300DE5540 /* Frameworks */,
				574413FA25F85EF300DE5540 /* CopyFiles */,
				5744142525F868B300DE5540 /* Run SwiftLint */,
				393C236926DDC995004755BF /* Run DrString */,
			);
			buildRules = (
			);
			dependencies = (
			);
			name = mistcli;
			packageProductDependencies = (
				5744140E25F8606500DE5540 /* ArgumentParser */,
				57D135B725FEEE48003467B2 /* Yams */,
			);
			productName = MIC;
			productReference = 574413FC25F85EF300DE5540 /* mistcli */;
			productType = "com.apple.product-type.tool";
		};
/* End PBXNativeTarget section */

/* Begin PBXProject section */
		574413F425F85EF300DE5540 /* Project object */ = {
			isa = PBXProject;
			attributes = {
				LastSwiftUpdateCheck = 1250;
				LastUpgradeCheck = 1300;
				TargetAttributes = {
					39B0955526E84D8100E68472 = {
						CreatedOnToolsVersion = 12.5.1;
					};
					574413FB25F85EF300DE5540 = {
						CreatedOnToolsVersion = 12.4;
					};
				};
			};
			buildConfigurationList = 574413F725F85EF300DE5540 /* Build configuration list for PBXProject "Mist" */;
			compatibilityVersion = "Xcode 9.3";
			developmentRegion = en;
			hasScannedForEncodings = 0;
			knownRegions = (
				en,
				Base,
			);
			mainGroup = 574413F325F85EF300DE5540;
			packageReferences = (
				5744140D25F8606500DE5540 /* XCRemoteSwiftPackageReference "swift-argument-parser" */,
				57D135B625FEEE48003467B2 /* XCRemoteSwiftPackageReference "Yams" */,
			);
			productRefGroup = 574413FD25F85EF300DE5540 /* Products */;
			projectDirPath = "";
			projectRoot = "";
			targets = (
				39B0955526E84D8100E68472 /* Mist */,
				574413FB25F85EF300DE5540 /* mistcli */,
			);
		};
/* End PBXProject section */

/* Begin PBXResourcesBuildPhase section */
		39B0955426E84D8100E68472 /* Resources */ = {
			isa = PBXResourcesBuildPhase;
			buildActionMask = 2147483647;
			files = (
				39B0955D26E84D8300E68472 /* Assets.xcassets in Resources */,
			);
			runOnlyForDeploymentPostprocessing = 0;
		};
/* End PBXResourcesBuildPhase section */

/* Begin PBXShellScriptBuildPhase section */
		393C236926DDC995004755BF /* Run DrString */ = {
			isa = PBXShellScriptBuildPhase;
			buildActionMask = 2147483647;
			files = (
			);
			inputFileListPaths = (
			);
			inputPaths = (
			);
			name = "Run DrString";
			outputFileListPaths = (
			);
			outputPaths = (
			);
			runOnlyForDeploymentPostprocessing = 0;
			shellPath = "/usr/bin/env bash";
			shellScript = "if which drstring > /dev/null ; then\n  drstring check --config-file \"$SRCROOT/.drstring.toml\" || true\nelse\n  echo \"warning: DrString not installed, download from https://github.com/dduan/DrString\"\nfi\n\nexit 0\n";
		};
		5744142525F868B300DE5540 /* Run SwiftLint */ = {
			isa = PBXShellScriptBuildPhase;
			buildActionMask = 2147483647;
			files = (
			);
			inputFileListPaths = (
			);
			inputPaths = (
			);
			name = "Run SwiftLint";
			outputFileListPaths = (
			);
			outputPaths = (
			);
			runOnlyForDeploymentPostprocessing = 0;
			shellPath = /bin/sh;
			shellScript = "if which swiftlint > /dev/null ; then\n  swiftlint\nelse\n  echo \"warning: SwiftLint not installed, download from https://github.com/realm/SwiftLint\"\nfi\n\nexit 0\n";
		};
/* End PBXShellScriptBuildPhase section */

/* Begin PBXSourcesBuildPhase section */
		39B0955226E84D8100E68472 /* Sources */ = {
			isa = PBXSourcesBuildPhase;
			buildActionMask = 2147483647;
			files = (
				39B0956C26E84FDC00E68472 /* Catalog.swift in Sources */,
				39B0956E26E8564B00E68472 /* String+Extension.swift in Sources */,
				39B0956A26E84FDC00E68472 /* Firmware.swift in Sources */,
				39B0956B26E84FDC00E68472 /* Product.swift in Sources */,
				39B0956F26E8564B00E68472 /* Sequence+Extension.swift in Sources */,
				39B0956726E84FDC00E68472 /* Package.swift in Sources */,
				39B0956826E84FDC00E68472 /* PlatformType.swift in Sources */,
				39B0957026E8564B00E68472 /* Int64+Extension.swift in Sources */,
				39B0955B26E84D8100E68472 /* ContentView.swift in Sources */,
				39B0956626E84FDC00E68472 /* OutputType.swift in Sources */,
				39B0955926E84D8100E68472 /* MistApp.swift in Sources */,
				39B0956926E84FDC00E68472 /* MistError.swift in Sources */,
				39B0956D26E8564B00E68472 /* Dictionary+Extension.swift in Sources */,
			);
			runOnlyForDeploymentPostprocessing = 0;
		};
		574413F825F85EF300DE5540 /* Sources */ = {
			isa = PBXSourcesBuildPhase;
			buildActionMask = 2147483647;
			files = (
				57D135AB25FED139003467B2 /* MistError.swift in Sources */,
				57D1358C25FA3CE5003467B2 /* Installer.swift in Sources */,
				57D1358F25FA4027003467B2 /* Generator.swift in Sources */,
				5744140025F85EF300DE5540 /* main.swift in Sources */,
				5744141725F8659D00DE5540 /* List.swift in Sources */,
				3967935F26D74BAC00DC2D2D /* DownloadCommand.swift in Sources */,
				57D1358225F9F8E5003467B2 /* Package.swift in Sources */,
				57D1359725FB1B97003467B2 /* PrettyPrint.swift in Sources */,
				3967935326D726CE00DC2D2D /* ListOptions.swift in Sources */,
				5744141225F8607800DE5540 /* String+Extension.swift in Sources */,
				5744140925F8603300DE5540 /* Mist.swift in Sources */,
				57F0F3CE2600907D00480DEE /* Int64+Extension.swift in Sources */,
				57550FE625FF3D49006C29EE /* Download.swift in Sources */,
				57D1357B25F9F716003467B2 /* HTTP.swift in Sources */,
				3967935526D7272100DC2D2D /* ListCommand.swift in Sources */,
				570D5091260034E10066E4C9 /* Catalog.swift in Sources */,
				3967936126D74C2400DC2D2D /* DownloadOptions.swift in Sources */,
				3967935C26D7304500DC2D2D /* Firmware.swift in Sources */,
				393C236F26DF68BF004755BF /* OutputType.swift in Sources */,
				57D1357825F9F308003467B2 /* Downloader.swift in Sources */,
				3967935A26D7293C00DC2D2D /* PlatformType.swift in Sources */,
				3967935826D7281400DC2D2D /* VersionCommand.swift in Sources */,
				57D1359A25FE1364003467B2 /* Shell.swift in Sources */,
				393C236826DDA494004755BF /* Dictionary+Extension.swift in Sources */,
				3967936426D7757800DC2D2D /* Version.swift in Sources */,
				393C237126DF84E0004755BF /* Sequence+Extension.swift in Sources */,
				5744141F25F8675000DE5540 /* Product.swift in Sources */,
			);
			runOnlyForDeploymentPostprocessing = 0;
		};
/* End PBXSourcesBuildPhase section */

/* Begin XCBuildConfiguration section */
		39B0956326E84D8300E68472 /* Debug */ = {
			isa = XCBuildConfiguration;
			buildSettings = {
				ASSETCATALOG_COMPILER_APPICON_NAME = AppIcon;
				ASSETCATALOG_COMPILER_GLOBAL_ACCENT_COLOR_NAME = AccentColor;
				CODE_SIGN_ENTITLEMENTS = Mist/Mist.entitlements;
				CODE_SIGN_IDENTITY = "Developer ID Application";
				CODE_SIGN_STYLE = Manual;
				COMBINE_HIDPI_IMAGES = YES;
				CURRENT_PROJECT_VERSION = 200;
				DEVELOPMENT_ASSET_PATHS = "";
				DEVELOPMENT_TEAM = 7K3HVCLV7Z;
				ENABLE_HARDENED_RUNTIME = YES;
				ENABLE_PREVIEWS = YES;
				INFOPLIST_FILE = Mist/Info.plist;
				LD_RUNPATH_SEARCH_PATHS = (
					"$(inherited)",
					"@executable_path/../Frameworks",
				);
				MACOSX_DEPLOYMENT_TARGET = 11.0;
				MARKETING_VERSION = 2.0;
				PRODUCT_BUNDLE_IDENTIFIER = com.ninxsoft.mist;
				PRODUCT_NAME = "$(TARGET_NAME)";
				PROVISIONING_PROFILE_SPECIFIER = "";
				SWIFT_VERSION = 5.0;
			};
			name = Debug;
		};
		39B0956426E84D8300E68472 /* Release */ = {
			isa = XCBuildConfiguration;
			buildSettings = {
				ASSETCATALOG_COMPILER_APPICON_NAME = AppIcon;
				ASSETCATALOG_COMPILER_GLOBAL_ACCENT_COLOR_NAME = AccentColor;
				CODE_SIGN_ENTITLEMENTS = Mist/Mist.entitlements;
				CODE_SIGN_IDENTITY = "Developer ID Application";
				CODE_SIGN_STYLE = Manual;
				COMBINE_HIDPI_IMAGES = YES;
				CURRENT_PROJECT_VERSION = 200;
				DEVELOPMENT_ASSET_PATHS = "";
				DEVELOPMENT_TEAM = 7K3HVCLV7Z;
				ENABLE_HARDENED_RUNTIME = YES;
				ENABLE_PREVIEWS = YES;
				INFOPLIST_FILE = Mist/Info.plist;
				LD_RUNPATH_SEARCH_PATHS = (
					"$(inherited)",
					"@executable_path/../Frameworks",
				);
				MACOSX_DEPLOYMENT_TARGET = 11.0;
				MARKETING_VERSION = 2.0;
				PRODUCT_BUNDLE_IDENTIFIER = com.ninxsoft.mist;
				PRODUCT_NAME = "$(TARGET_NAME)";
				PROVISIONING_PROFILE_SPECIFIER = "";
				SWIFT_VERSION = 5.0;
			};
			name = Release;
		};
		5744140125F85EF300DE5540 /* Debug */ = {
			isa = XCBuildConfiguration;
			buildSettings = {
				ALWAYS_SEARCH_USER_PATHS = NO;
				CLANG_ANALYZER_NONNULL = YES;
				CLANG_ANALYZER_NUMBER_OBJECT_CONVERSION = YES_AGGRESSIVE;
				CLANG_CXX_LANGUAGE_STANDARD = "gnu++14";
				CLANG_CXX_LIBRARY = "libc++";
				CLANG_ENABLE_MODULES = YES;
				CLANG_ENABLE_OBJC_ARC = YES;
				CLANG_ENABLE_OBJC_WEAK = YES;
				CLANG_WARN_BLOCK_CAPTURE_AUTORELEASING = YES;
				CLANG_WARN_BOOL_CONVERSION = YES;
				CLANG_WARN_COMMA = YES;
				CLANG_WARN_CONSTANT_CONVERSION = YES;
				CLANG_WARN_DEPRECATED_OBJC_IMPLEMENTATIONS = YES;
				CLANG_WARN_DIRECT_OBJC_ISA_USAGE = YES_ERROR;
				CLANG_WARN_DOCUMENTATION_COMMENTS = YES;
				CLANG_WARN_EMPTY_BODY = YES;
				CLANG_WARN_ENUM_CONVERSION = YES;
				CLANG_WARN_INFINITE_RECURSION = YES;
				CLANG_WARN_INT_CONVERSION = YES;
				CLANG_WARN_NON_LITERAL_NULL_CONVERSION = YES;
				CLANG_WARN_OBJC_IMPLICIT_RETAIN_SELF = YES;
				CLANG_WARN_OBJC_LITERAL_CONVERSION = YES;
				CLANG_WARN_OBJC_ROOT_CLASS = YES_ERROR;
				CLANG_WARN_QUOTED_INCLUDE_IN_FRAMEWORK_HEADER = YES;
				CLANG_WARN_RANGE_LOOP_ANALYSIS = YES;
				CLANG_WARN_STRICT_PROTOTYPES = YES;
				CLANG_WARN_SUSPICIOUS_MOVE = YES;
				CLANG_WARN_UNGUARDED_AVAILABILITY = YES_AGGRESSIVE;
				CLANG_WARN_UNREACHABLE_CODE = YES;
				CLANG_WARN__DUPLICATE_METHOD_MATCH = YES;
				COPY_PHASE_STRIP = NO;
				DEBUG_INFORMATION_FORMAT = dwarf;
				ENABLE_STRICT_OBJC_MSGSEND = YES;
				ENABLE_TESTABILITY = YES;
				GCC_C_LANGUAGE_STANDARD = gnu11;
				GCC_DYNAMIC_NO_PIC = NO;
				GCC_NO_COMMON_BLOCKS = YES;
				GCC_OPTIMIZATION_LEVEL = 0;
				GCC_PREPROCESSOR_DEFINITIONS = (
					"DEBUG=1",
					"$(inherited)",
				);
				GCC_WARN_64_TO_32_BIT_CONVERSION = YES;
				GCC_WARN_ABOUT_RETURN_TYPE = YES_ERROR;
				GCC_WARN_UNDECLARED_SELECTOR = YES;
				GCC_WARN_UNINITIALIZED_AUTOS = YES_AGGRESSIVE;
				GCC_WARN_UNUSED_FUNCTION = YES;
				GCC_WARN_UNUSED_VARIABLE = YES;
				MACOSX_DEPLOYMENT_TARGET = 10.10;
				MTL_ENABLE_DEBUG_INFO = INCLUDE_SOURCE;
				MTL_FAST_MATH = YES;
				ONLY_ACTIVE_ARCH = YES;
				SDKROOT = macosx;
				SWIFT_ACTIVE_COMPILATION_CONDITIONS = DEBUG;
				SWIFT_OPTIMIZATION_LEVEL = "-Onone";
			};
			name = Debug;
		};
		5744140225F85EF300DE5540 /* Release */ = {
			isa = XCBuildConfiguration;
			buildSettings = {
				ALWAYS_SEARCH_USER_PATHS = NO;
				CLANG_ANALYZER_NONNULL = YES;
				CLANG_ANALYZER_NUMBER_OBJECT_CONVERSION = YES_AGGRESSIVE;
				CLANG_CXX_LANGUAGE_STANDARD = "gnu++14";
				CLANG_CXX_LIBRARY = "libc++";
				CLANG_ENABLE_MODULES = YES;
				CLANG_ENABLE_OBJC_ARC = YES;
				CLANG_ENABLE_OBJC_WEAK = YES;
				CLANG_WARN_BLOCK_CAPTURE_AUTORELEASING = YES;
				CLANG_WARN_BOOL_CONVERSION = YES;
				CLANG_WARN_COMMA = YES;
				CLANG_WARN_CONSTANT_CONVERSION = YES;
				CLANG_WARN_DEPRECATED_OBJC_IMPLEMENTATIONS = YES;
				CLANG_WARN_DIRECT_OBJC_ISA_USAGE = YES_ERROR;
				CLANG_WARN_DOCUMENTATION_COMMENTS = YES;
				CLANG_WARN_EMPTY_BODY = YES;
				CLANG_WARN_ENUM_CONVERSION = YES;
				CLANG_WARN_INFINITE_RECURSION = YES;
				CLANG_WARN_INT_CONVERSION = YES;
				CLANG_WARN_NON_LITERAL_NULL_CONVERSION = YES;
				CLANG_WARN_OBJC_IMPLICIT_RETAIN_SELF = YES;
				CLANG_WARN_OBJC_LITERAL_CONVERSION = YES;
				CLANG_WARN_OBJC_ROOT_CLASS = YES_ERROR;
				CLANG_WARN_QUOTED_INCLUDE_IN_FRAMEWORK_HEADER = YES;
				CLANG_WARN_RANGE_LOOP_ANALYSIS = YES;
				CLANG_WARN_STRICT_PROTOTYPES = YES;
				CLANG_WARN_SUSPICIOUS_MOVE = YES;
				CLANG_WARN_UNGUARDED_AVAILABILITY = YES_AGGRESSIVE;
				CLANG_WARN_UNREACHABLE_CODE = YES;
				CLANG_WARN__DUPLICATE_METHOD_MATCH = YES;
				COPY_PHASE_STRIP = NO;
				DEBUG_INFORMATION_FORMAT = "dwarf-with-dsym";
				ENABLE_NS_ASSERTIONS = NO;
				ENABLE_STRICT_OBJC_MSGSEND = YES;
				GCC_C_LANGUAGE_STANDARD = gnu11;
				GCC_NO_COMMON_BLOCKS = YES;
				GCC_WARN_64_TO_32_BIT_CONVERSION = YES;
				GCC_WARN_ABOUT_RETURN_TYPE = YES_ERROR;
				GCC_WARN_UNDECLARED_SELECTOR = YES;
				GCC_WARN_UNINITIALIZED_AUTOS = YES_AGGRESSIVE;
				GCC_WARN_UNUSED_FUNCTION = YES;
				GCC_WARN_UNUSED_VARIABLE = YES;
				MACOSX_DEPLOYMENT_TARGET = 10.10;
				MTL_ENABLE_DEBUG_INFO = NO;
				MTL_FAST_MATH = YES;
				SDKROOT = macosx;
				SWIFT_COMPILATION_MODE = wholemodule;
				SWIFT_OPTIMIZATION_LEVEL = "-O";
			};
			name = Release;
		};
		5744140425F85EF300DE5540 /* Debug */ = {
			isa = XCBuildConfiguration;
			buildSettings = {
				CODE_SIGN_IDENTITY = "Developer ID Application";
				CODE_SIGN_STYLE = Manual;
				DEVELOPMENT_TEAM = 7K3HVCLV7Z;
				ENABLE_HARDENED_RUNTIME = YES;
				MACOSX_DEPLOYMENT_TARGET = 10.10;
				PRODUCT_BUNDLE_IDENTIFIER = com.ninxsoft.mistcli;
				PRODUCT_NAME = "$(TARGET_NAME)";
				PROVISIONING_PROFILE_SPECIFIER = "";
				SWIFT_VERSION = 5.0;
			};
			name = Debug;
		};
		5744140525F85EF300DE5540 /* Release */ = {
			isa = XCBuildConfiguration;
			buildSettings = {
				CODE_SIGN_IDENTITY = "Developer ID Application";
				CODE_SIGN_STYLE = Manual;
				DEVELOPMENT_TEAM = 7K3HVCLV7Z;
				ENABLE_HARDENED_RUNTIME = YES;
				MACOSX_DEPLOYMENT_TARGET = 10.10;
				PRODUCT_BUNDLE_IDENTIFIER = com.ninxsoft.mistcli;
				PRODUCT_NAME = "$(TARGET_NAME)";
				PROVISIONING_PROFILE_SPECIFIER = "";
				SWIFT_VERSION = 5.0;
			};
			name = Release;
		};
/* End XCBuildConfiguration section */

/* Begin XCConfigurationList section */
		39B0956526E84D8300E68472 /* Build configuration list for PBXNativeTarget "Mist" */ = {
			isa = XCConfigurationList;
			buildConfigurations = (
				39B0956326E84D8300E68472 /* Debug */,
				39B0956426E84D8300E68472 /* Release */,
			);
			defaultConfigurationIsVisible = 0;
			defaultConfigurationName = Release;
		};
		574413F725F85EF300DE5540 /* Build configuration list for PBXProject "Mist" */ = {
			isa = XCConfigurationList;
			buildConfigurations = (
				5744140125F85EF300DE5540 /* Debug */,
				5744140225F85EF300DE5540 /* Release */,
			);
			defaultConfigurationIsVisible = 0;
			defaultConfigurationName = Release;
		};
		5744140325F85EF300DE5540 /* Build configuration list for PBXNativeTarget "mistcli" */ = {
			isa = XCConfigurationList;
			buildConfigurations = (
				5744140425F85EF300DE5540 /* Debug */,
				5744140525F85EF300DE5540 /* Release */,
			);
			defaultConfigurationIsVisible = 0;
			defaultConfigurationName = Release;
		};
/* End XCConfigurationList section */

/* Begin XCRemoteSwiftPackageReference section */
		5744140D25F8606500DE5540 /* XCRemoteSwiftPackageReference "swift-argument-parser" */ = {
			isa = XCRemoteSwiftPackageReference;
			repositoryURL = "https://github.com/apple/swift-argument-parser";
			requirement = {
				kind = upToNextMajorVersion;
				minimumVersion = 0.4.4;
			};
		};
		57D135B625FEEE48003467B2 /* XCRemoteSwiftPackageReference "Yams" */ = {
			isa = XCRemoteSwiftPackageReference;
			repositoryURL = "https://github.com/jpsim/Yams";
			requirement = {
				kind = upToNextMajorVersion;
				minimumVersion = 4.0.6;
			};
		};
/* End XCRemoteSwiftPackageReference section */

/* Begin XCSwiftPackageProductDependency section */
		39B0957226E8565E00E68472 /* Yams */ = {
			isa = XCSwiftPackageProductDependency;
			package = 57D135B625FEEE48003467B2 /* XCRemoteSwiftPackageReference "Yams" */;
			productName = Yams;
		};
		39B0957426E8569500E68472 /* ArgumentParser */ = {
			isa = XCSwiftPackageProductDependency;
			package = 5744140D25F8606500DE5540 /* XCRemoteSwiftPackageReference "swift-argument-parser" */;
			productName = ArgumentParser;
		};
		5744140E25F8606500DE5540 /* ArgumentParser */ = {
			isa = XCSwiftPackageProductDependency;
			package = 5744140D25F8606500DE5540 /* XCRemoteSwiftPackageReference "swift-argument-parser" */;
			productName = ArgumentParser;
		};
		57D135B725FEEE48003467B2 /* Yams */ = {
			isa = XCSwiftPackageProductDependency;
			package = 57D135B625FEEE48003467B2 /* XCRemoteSwiftPackageReference "Yams" */;
			productName = Yams;
		};
/* End XCSwiftPackageProductDependency section */
	};
	rootObject = 574413F425F85EF300DE5540 /* Project object */;
}
